
Microsoft Visual Studio Solution File, Format Version 12.00
# Visual Studio 15
Project("{FAE04EC0-301F-11D3-BF4B-00C04F79EFBC}") = "Unity.Timeline", "Unity.Timeline.csproj", "{B412F43C-57AB-CA92-4DBF-B145D6140E0E}"
EndProject
Project("{FAE04EC0-301F-11D3-BF4B-00C04F79EFBC}") = "Unity.Timeline.Editor", "Unity.Timeline.Editor.csproj", "{D5862845-9DAD-0F4F-748D-618A91393D56}"
EndProject
Project("{FAE04EC0-301F-11D3-BF4B-00C04F79EFBC}") = "Unity.XR.Simulation", "Unity.XR.Simulation.csproj", "{2BDAEEC1-15F1-CAC7-706F-10BF52D7F3FD}"
EndProject
Project("{FAE04EC0-301F-11D3-BF4B-00C04F79EFBC}") = "Unity.TextMeshPro.Editor", "Unity.TextMeshPro.Editor.csproj", "{2D81B36C-3937-4FC6-FC19-194EE90AB0CB}"
EndProject
Project("{FAE04EC0-301F-11D3-BF4B-00C04F79EFBC}") = "Unity.XR.Management", "Unity.XR.Management.csproj", "{3E291A8B-96F8-29B9-C6D1-0FBFF179CA7F}"
EndProject
Project("{FAE04EC0-301F-11D3-BF4B-00C04F79EFBC}") = "Unity.XR.ARFoundation.Editor", "Unity.XR.ARFoundation.Editor.csproj", "{C1651E16-4F20-CD18-74D3-0552E3B6D170}"
EndProject
Project("{FAE04EC0-301F-11D3-BF4B-00C04F79EFBC}") = "Unity.VisualScripting.Flow", "Unity.VisualScripting.Flow.csproj", "{0FD73326-39BD-C273-0DB3-3AFAFDA59E5D}"
EndProject
Project("{FAE04EC0-301F-11D3-BF4B-00C04F79EFBC}") = "UnityEditor.UI", "UnityEditor.UI.csproj", "{8DF94319-4151-C2DE-2B6A-350A0D24DC67}"
EndProject
Project("{FAE04EC0-301F-11D3-BF4B-00C04F79EFBC}") = "Unity.XR.CoreUtils.Editor", "Unity.XR.CoreUtils.Editor.csproj", "{7270DD27-4463-F3DF-B89B-BD97507E722A}"
EndProject
Project("{FAE04EC0-301F-11D3-BF4B-00C04F79EFBC}") = "Unity.PlasticSCM.Editor", "Unity.PlasticSCM.Editor.csproj", "{91BB112D-9F68-FD32-D0E3-AC0E764888D8}"
EndProject
Project("{FAE04EC0-301F-11D3-BF4B-00C04F79EFBC}") = "Unity.InputSystem", "Unity.InputSystem.csproj", "{783C279F-9C54-2681-4402-42335E2758ED}"
EndProject
Project("{FAE04EC0-301F-11D3-BF4B-00C04F79EFBC}") = "Unity.VisualScripting.Core", "Unity.VisualScripting.Core.csproj", "{CE34E6AB-ABB4-97D6-2B4D-03F78F393B09}"
EndProject
Project("{FAE04EC0-301F-11D3-BF4B-00C04F79EFBC}") = "Unity.Mathematics", "Unity.Mathematics.csproj", "{B92EE553-E4C2-8605-0D74-0E78B9198462}"
EndProject
Project("{FAE04EC0-301F-11D3-BF4B-00C04F79EFBC}") = "Unity.VisualScripting.Core.Editor", "Unity.VisualScripting.Core.Editor.csproj", "{8BD1382F-282E-CCD0-AB35-F112024949ED}"
EndProject
Project("{FAE04EC0-301F-11D3-BF4B-00C04F79EFBC}") = "Unity.XR.ARKit", "Unity.XR.ARKit.csproj", "{4816CC56-551B-3FEF-610F-8D8D5AE91184}"
EndProject
Project("{FAE04EC0-301F-11D3-BF4B-00C04F79EFBC}") = "Unity.VisualScripting.Flow.Editor", "Unity.VisualScripting.Flow.Editor.csproj", "{89A74BE1-CCF2-78FF-6C88-5FEA81A267E5}"
EndProject
Project("{FAE04EC0-301F-11D3-BF4B-00C04F79EFBC}") = "UnityEditor.TestRunner", "UnityEditor.TestRunner.csproj", "{54DBC290-5005-4C60-1554-743CA700FDCD}"
EndProject
Project("{FAE04EC0-301F-11D3-BF4B-00C04F79EFBC}") = "Unity.XR.CoreUtils", "Unity.XR.CoreUtils.csproj", "{49F74946-6281-F881-4639-C27551537AB0}"
EndProject
Project("{FAE04EC0-301F-11D3-BF4B-00C04F79EFBC}") = "Unity.XR.ARSubsystems", "Unity.XR.ARSubsystems.csproj", "{5B634A19-42BF-5079-05FA-E09D7F00AFB5}"
EndProject
Project("{FAE04EC0-301F-11D3-BF4B-00C04F79EFBC}") = "Unity.VisualScripting.SettingsProvider.Editor", "Unity.VisualScripting.SettingsProvider.Editor.csproj", "{0809EA1E-50D3-B866-F6D2-2AD4398DE46F}"
EndProject
Project("{FAE04EC0-301F-11D3-BF4B-00C04F79EFBC}") = "Unity.XR.ARFoundation", "Unity.XR.ARFoundation.csproj", "{36A9518D-9246-889F-B9B6-76C2C07BD7B8}"
EndProject
Project("{FAE04EC0-301F-11D3-BF4B-00C04F79EFBC}") = "UnityEngine.TestRunner", "UnityEngine.TestRunner.csproj", "{D3B2B398-CD4D-FCBF-A3DB-74870914182A}"
EndProject
Project("{FAE04EC0-301F-11D3-BF4B-00C04F79EFBC}") = "Unity.XR.Management.Editor", "Unity.XR.Management.Editor.csproj", "{872A694E-5F15-8B17-7128-AAFC80234242}"
EndProject
Project("{FAE04EC0-301F-11D3-BF4B-00C04F79EFBC}") = "UnityEngine.UI", "UnityEngine.UI.csproj", "{93457A98-569D-AB45-2AE4-C373238DD0C3}"
EndProject
Project("{FAE04EC0-301F-11D3-BF4B-00C04F79EFBC}") = "Unity.VisualStudio.Editor", "Unity.VisualStudio.Editor.csproj", "{9210ED56-01F3-60D2-A237-F0D7A4A4AE67}"
EndProject
Project("{FAE04EC0-301F-11D3-BF4B-00C04F79EFBC}") = "Unity.XR.ARFoundation.VisualScripting", "Unity.XR.ARFoundation.VisualScripting.csproj", "{4B17E9CF-4FEC-F5D8-8D08-04C9041CE66C}"
EndProject
Project("{FAE04EC0-301F-11D3-BF4B-00C04F79EFBC}") = "Unity.XR.ARKit.Editor", "Unity.XR.ARKit.Editor.csproj", "{CA51C259-3310-03C0-8036-0CAEFDE7851D}"
EndProject
Project("{FAE04EC0-301F-11D3-BF4B-00C04F79EFBC}") = "Unity.XR.ARFoundation.VisualScripting.Editor", "Unity.XR.ARFoundation.VisualScripting.Editor.csproj", "{F52CF85A-385F-2A11-9846-2E4B21479899}"
EndProject
Project("{FAE04EC0-301F-11D3-BF4B-00C04F79EFBC}") = "Unity.TestTools.CodeCoverage.Editor.OpenCover.Model", "Unity.TestTools.CodeCoverage.Editor.OpenCover.Model.csproj", "{CA743110-6429-BE8F-FA17-94C31DBC8CEB}"
EndProject
Project("{FAE04EC0-301F-11D3-BF4B-00C04F79EFBC}") = "Unity.XR.Simulation.Editor", "Unity.XR.Simulation.Editor.csproj", "{0D533BB6-D239-B431-0565-E99836629347}"
EndProject
Project("{FAE04EC0-301F-11D3-BF4B-00C04F79EFBC}") = "Unity.Rider.Editor", "Unity.Rider.Editor.csproj", "{16015F34-B51B-4C86-9085-2440438BDC32}"
EndProject
Project("{FAE04EC0-301F-11D3-BF4B-00C04F79EFBC}") = "Unity.VisualScripting.State.Editor", "Unity.VisualScripting.State.Editor.csproj", "{6290DA3D-CB0F-C055-3A30-4FCCFEE9B82D}"
EndProject
Project("{FAE04EC0-301F-11D3-BF4B-00C04F79EFBC}") = "UnityEditor.XR.LegacyInputHelpers", "UnityEditor.XR.LegacyInputHelpers.csproj", "{5E9AE2AB-81F3-8C4D-74CD-E68332C4A940}"
EndProject
Project("{FAE04EC0-301F-11D3-BF4B-00C04F79EFBC}") = "Unity.TestTools.CodeCoverage.Editor", "Unity.TestTools.CodeCoverage.Editor.csproj", "{7FD86B9F-EA33-6F2A-0595-9D86075AA4F9}"
EndProject
Project("{FAE04EC0-301F-11D3-BF4B-00C04F79EFBC}") = "Unity.VisualScripting.State", "Unity.VisualScripting.State.csproj", "{523F886A-FBAA-FE8B-15B3-76EFDC141BBC}"
EndProject
Project("{FAE04EC0-301F-11D3-BF4B-00C04F79EFBC}") = "Unity.TextMeshPro", "Unity.TextMeshPro.csproj", "{D6767A7B-9D13-495A-28EA-8072CB5C601B}"
EndProject
Project("{FAE04EC0-301F-11D3-BF4B-00C04F79EFBC}") = "Unity.Performance.Profile-Analyzer.Editor", "Unity.Performance.Profile-Analyzer.Editor.csproj", "{E40563AD-AFEA-F566-F8EE-112E4C9541A2}"
EndProject
Project("{FAE04EC0-301F-11D3-BF4B-00C04F79EFBC}") = "Unity.XR.ARSubsystems.Editor", "Unity.XR.ARSubsystems.Editor.csproj", "{AB4A209B-D472-C3FA-E2A6-C0FBAAD5B1B7}"
EndProject
Project("{FAE04EC0-301F-11D3-BF4B-00C04F79EFBC}") = "Unity.VSCode.Editor", "Unity.VSCode.Editor.csproj", "{FA4D576F-2752-974A-41D9-E8BC8FEC3EB8}"
EndProject
Project("{FAE04EC0-301F-11D3-BF4B-00C04F79EFBC}") = "Unity.TestTools.CodeCoverage.Editor.OpenCover.Mono.Reflection", "Unity.TestTools.CodeCoverage.Editor.OpenCover.Mono.Reflection.csproj", "{E380AD8D-7A4B-DBC9-0841-1AA009ACD2AE}"
EndProject
Project("{FAE04EC0-301F-11D3-BF4B-00C04F79EFBC}") = "UnityEditor.SpatialTracking", "UnityEditor.SpatialTracking.csproj", "{2AE40EF8-C731-2723-8A65-4D0FC1724A30}"
EndProject
Project("{FAE04EC0-301F-11D3-BF4B-00C04F79EFBC}") = "Unity.Settings.Editor", "Unity.Settings.Editor.csproj", "{EFB836A2-8E56-7A81-6100-9F89291500F0}"
EndProject
Project("{FAE04EC0-301F-11D3-BF4B-00C04F79EFBC}") = "Unity.XR.ARAnalytics.Editor", "Unity.XR.ARAnalytics.Editor.csproj", "{784ECC93-73E0-36A6-9B1B-5CE38D9FFBA4}"
EndProject
Project("{FAE04EC0-301F-11D3-BF4B-00C04F79EFBC}") = "Unity.XR.ARFoundation.InternalUtils", "Unity.XR.ARFoundation.InternalUtils.csproj", "{913A7DF2-0390-88E0-4C17-1E8C8A5068E9}"
EndProject
Project("{FAE04EC0-301F-11D3-BF4B-00C04F79EFBC}") = "UnityEngine.SpatialTracking", "UnityEngine.SpatialTracking.csproj", "{31A6A9DD-2B62-CCA0-12B7-2E39E4B75BE4}"
EndProject
Project("{FAE04EC0-301F-11D3-BF4B-00C04F79EFBC}") = "Unity.InputSystem.ForUI", "Unity.InputSystem.ForUI.csproj", "{D4A2017E-5B2F-48D1-7D5A-EB316F142E53}"
EndProject
Project("{FAE04EC0-301F-11D3-BF4B-00C04F79EFBC}") = "Unity.EditorCoroutines.Editor", "Unity.EditorCoroutines.Editor.csproj", "{9AEE58A1-05C5-576B-F8AD-71984344E22C}"
EndProject
Project("{FAE04EC0-301F-11D3-BF4B-00C04F79EFBC}") = "Unity.Mathematics.Editor", "Unity.Mathematics.Editor.csproj", "{FBAE5649-0E13-2F26-5222-E68A0662861F}"
EndProject
Project("{FAE04EC0-301F-11D3-BF4B-00C04F79EFBC}") = "Unity.XR.ARKit.FaceTracking", "Unity.XR.ARKit.FaceTracking.csproj", "{FBA0744F-D860-BC3D-C088-C13F2BE3D48B}"
EndProject
Project("{FAE04EC0-301F-11D3-BF4B-00C04F79EFBC}") = "Unity.InputSystem.TestFramework", "Unity.InputSystem.TestFramework.csproj", "{3281E14C-BEC2-D4CD-A1C2-EA484AD533CD}"
EndProject
Project("{FAE04EC0-301F-11D3-BF4B-00C04F79EFBC}") = "UnityEngine.XR.LegacyInputHelpers", "UnityEngine.XR.LegacyInputHelpers.csproj", "{7C773637-9345-67F6-0575-4542896967BB}"
EndProject
Project("{FAE04EC0-301F-11D3-BF4B-00C04F79EFBC}") = "Unity.VisualScripting.Shared.Editor", "Unity.VisualScripting.Shared.Editor.csproj", "{371D8626-ED88-959D-8AD0-A2D978757CA5}"
EndProject
Project("{FAE04EC0-301F-11D3-BF4B-00C04F79EFBC}") = "Unity.CollabProxy.Editor", "Unity.CollabProxy.Editor.csproj", "{A23C3848-65A0-CBE6-83F5-1F347A018516}"
EndProject
Global
	GlobalSection(SolutionConfigurationPlatforms) = preSolution
		Debug|Any CPU = Debug|Any CPU
		Release|Any CPU = Release|Any CPU
	EndGlobalSection
	GlobalSection(ProjectConfigurationPlatforms) = postSolution
		{B412F43C-57AB-CA92-4DBF-B145D6140E0E}.Debug|Any CPU.ActiveCfg = Debug|Any CPU
		{B412F43C-57AB-CA92-4DBF-B145D6140E0E}.Debug|Any CPU.Build.0 = Debug|Any CPU
		{B412F43C-57AB-CA92-4DBF-B145D6140E0E}.Release|Any CPU.ActiveCfg = Release|Any CPU
		{B412F43C-57AB-CA92-4DBF-B145D6140E0E}.Release|Any CPU.Build.0 = Release|Any CPU
		{D5862845-9DAD-0F4F-748D-618A91393D56}.Debug|Any CPU.ActiveCfg = Debug|Any CPU
		{D5862845-9DAD-0F4F-748D-618A91393D56}.Debug|Any CPU.Build.0 = Debug|Any CPU
		{D5862845-9DAD-0F4F-748D-618A91393D56}.Release|Any CPU.ActiveCfg = Release|Any CPU
		{D5862845-9DAD-0F4F-748D-618A91393D56}.Release|Any CPU.Build.0 = Release|Any CPU
		{2BDAEEC1-15F1-CAC7-706F-10BF52D7F3FD}.Debug|Any CPU.ActiveCfg = Debug|Any CPU
		{2BDAEEC1-15F1-CAC7-706F-10BF52D7F3FD}.Debug|Any CPU.Build.0 = Debug|Any CPU
		{2BDAEEC1-15F1-CAC7-706F-10BF52D7F3FD}.Release|Any CPU.ActiveCfg = Release|Any CPU
		{2BDAEEC1-15F1-CAC7-706F-10BF52D7F3FD}.Release|Any CPU.Build.0 = Release|Any CPU
		{2D81B36C-3937-4FC6-FC19-194EE90AB0CB}.Debug|Any CPU.ActiveCfg = Debug|Any CPU
		{2D81B36C-3937-4FC6-FC19-194EE90AB0CB}.Debug|Any CPU.Build.0 = Debug|Any CPU
		{2D81B36C-3937-4FC6-FC19-194EE90AB0CB}.Release|Any CPU.ActiveCfg = Release|Any CPU
		{2D81B36C-3937-4FC6-FC19-194EE90AB0CB}.Release|Any CPU.Build.0 = Release|Any CPU
		{3E291A8B-96F8-29B9-C6D1-0FBFF179CA7F}.Debug|Any CPU.ActiveCfg = Debug|Any CPU
		{3E291A8B-96F8-29B9-C6D1-0FBFF179CA7F}.Debug|Any CPU.Build.0 = Debug|Any CPU
		{3E291A8B-96F8-29B9-C6D1-0FBFF179CA7F}.Release|Any CPU.ActiveCfg = Release|Any CPU
		{3E291A8B-96F8-29B9-C6D1-0FBFF179CA7F}.Release|Any CPU.Build.0 = Release|Any CPU
		{C1651E16-4F20-CD18-74D3-0552E3B6D170}.Debug|Any CPU.ActiveCfg = Debug|Any CPU
		{C1651E16-4F20-CD18-74D3-0552E3B6D170}.Debug|Any CPU.Build.0 = Debug|Any CPU
		{C1651E16-4F20-CD18-74D3-0552E3B6D170}.Release|Any CPU.ActiveCfg = Release|Any CPU
		{C1651E16-4F20-CD18-74D3-0552E3B6D170}.Release|Any CPU.Build.0 = Release|Any CPU
		{0FD73326-39BD-C273-0DB3-3AFAFDA59E5D}.Debug|Any CPU.ActiveCfg = Debug|Any CPU
		{0FD73326-39BD-C273-0DB3-3AFAFDA59E5D}.Debug|Any CPU.Build.0 = Debug|Any CPU
		{0FD73326-39BD-C273-0DB3-3AFAFDA59E5D}.Release|Any CPU.ActiveCfg = Release|Any CPU
		{0FD73326-39BD-C273-0DB3-3AFAFDA59E5D}.Release|Any CPU.Build.0 = Release|Any CPU
		{8DF94319-4151-C2DE-2B6A-350A0D24DC67}.Debug|Any CPU.ActiveCfg = Debug|Any CPU
		{8DF94319-4151-C2DE-2B6A-350A0D24DC67}.Debug|Any CPU.Build.0 = Debug|Any CPU
		{8DF94319-4151-C2DE-2B6A-350A0D24DC67}.Release|Any CPU.ActiveCfg = Release|Any CPU
		{8DF94319-4151-C2DE-2B6A-350A0D24DC67}.Release|Any CPU.Build.0 = Release|Any CPU
		{7270DD27-4463-F3DF-B89B-BD97507E722A}.Debug|Any CPU.ActiveCfg = Debug|Any CPU
		{7270DD27-4463-F3DF-B89B-BD97507E722A}.Debug|Any CPU.Build.0 = Debug|Any CPU
		{7270DD27-4463-F3DF-B89B-BD97507E722A}.Release|Any CPU.ActiveCfg = Release|Any CPU
		{7270DD27-4463-F3DF-B89B-BD97507E722A}.Release|Any CPU.Build.0 = Release|Any CPU
		{91BB112D-9F68-FD32-D0E3-AC0E764888D8}.Debug|Any CPU.ActiveCfg = Debug|Any CPU
		{91BB112D-9F68-FD32-D0E3-AC0E764888D8}.Debug|Any CPU.Build.0 = Debug|Any CPU
		{91BB112D-9F68-FD32-D0E3-AC0E764888D8}.Release|Any CPU.ActiveCfg = Release|Any CPU
		{91BB112D-9F68-FD32-D0E3-AC0E764888D8}.Release|Any CPU.Build.0 = Release|Any CPU
		{783C279F-9C54-2681-4402-42335E2758ED}.Debug|Any CPU.ActiveCfg = Debug|Any CPU
		{783C279F-9C54-2681-4402-42335E2758ED}.Debug|Any CPU.Build.0 = Debug|Any CPU
		{783C279F-9C54-2681-4402-42335E2758ED}.Release|Any CPU.ActiveCfg = Release|Any CPU
		{783C279F-9C54-2681-4402-42335E2758ED}.Release|Any CPU.Build.0 = Release|Any CPU
		{CE34E6AB-ABB4-97D6-2B4D-03F78F393B09}.Debug|Any CPU.ActiveCfg = Debug|Any CPU
		{CE34E6AB-ABB4-97D6-2B4D-03F78F393B09}.Debug|Any CPU.Build.0 = Debug|Any CPU
		{CE34E6AB-ABB4-97D6-2B4D-03F78F393B09}.Release|Any CPU.ActiveCfg = Release|Any CPU
		{CE34E6AB-ABB4-97D6-2B4D-03F78F393B09}.Release|Any CPU.Build.0 = Release|Any CPU
		{B92EE553-E4C2-8605-0D74-0E78B9198462}.Debug|Any CPU.ActiveCfg = Debug|Any CPU
		{B92EE553-E4C2-8605-0D74-0E78B9198462}.Debug|Any CPU.Build.0 = Debug|Any CPU
		{B92EE553-E4C2-8605-0D74-0E78B9198462}.Release|Any CPU.ActiveCfg = Release|Any CPU
		{B92EE553-E4C2-8605-0D74-0E78B9198462}.Release|Any CPU.Build.0 = Release|Any CPU
		{8BD1382F-282E-CCD0-AB35-F112024949ED}.Debug|Any CPU.ActiveCfg = Debug|Any CPU
		{8BD1382F-282E-CCD0-AB35-F112024949ED}.Debug|Any CPU.Build.0 = Debug|Any CPU
		{8BD1382F-282E-CCD0-AB35-F112024949ED}.Release|Any CPU.ActiveCfg = Release|Any CPU
		{8BD1382F-282E-CCD0-AB35-F112024949ED}.Release|Any CPU.Build.0 = Release|Any CPU
		{4816CC56-551B-3FEF-610F-8D8D5AE91184}.Debug|Any CPU.ActiveCfg = Debug|Any CPU
		{4816CC56-551B-3FEF-610F-8D8D5AE91184}.Debug|Any CPU.Build.0 = Debug|Any CPU
		{4816CC56-551B-3FEF-610F-8D8D5AE91184}.Release|Any CPU.ActiveCfg = Release|Any CPU
		{4816CC56-551B-3FEF-610F-8D8D5AE91184}.Release|Any CPU.Build.0 = Release|Any CPU
		{89A74BE1-CCF2-78FF-6C88-5FEA81A267E5}.Debug|Any CPU.ActiveCfg = Debug|Any CPU
		{89A74BE1-CCF2-78FF-6C88-5FEA81A267E5}.Debug|Any CPU.Build.0 = Debug|Any CPU
		{89A74BE1-CCF2-78FF-6C88-5FEA81A267E5}.Release|Any CPU.ActiveCfg = Release|Any CPU
		{89A74BE1-CCF2-78FF-6C88-5FEA81A267E5}.Release|Any CPU.Build.0 = Release|Any CPU
		{54DBC290-5005-4C60-1554-743CA700FDCD}.Debug|Any CPU.ActiveCfg = Debug|Any CPU
		{54DBC290-5005-4C60-1554-743CA700FDCD}.Debug|Any CPU.Build.0 = Debug|Any CPU
		{54DBC290-5005-4C60-1554-743CA700FDCD}.Release|Any CPU.ActiveCfg = Release|Any CPU
		{54DBC290-5005-4C60-1554-743CA700FDCD}.Release|Any CPU.Build.0 = Release|Any CPU
		{49F74946-6281-F881-4639-C27551537AB0}.Debug|Any CPU.ActiveCfg = Debug|Any CPU
		{49F74946-6281-F881-4639-C27551537AB0}.Debug|Any CPU.Build.0 = Debug|Any CPU
		{49F74946-6281-F881-4639-C27551537AB0}.Release|Any CPU.ActiveCfg = Release|Any CPU
		{49F74946-6281-F881-4639-C27551537AB0}.Release|Any CPU.Build.0 = Release|Any CPU
		{5B634A19-42BF-5079-05FA-E09D7F00AFB5}.Debug|Any CPU.ActiveCfg = Debug|Any CPU
		{5B634A19-42BF-5079-05FA-E09D7F00AFB5}.Debug|Any CPU.Build.0 = Debug|Any CPU
		{5B634A19-42BF-5079-05FA-E09D7F00AFB5}.Release|Any CPU.ActiveCfg = Release|Any CPU
		{5B634A19-42BF-5079-05FA-E09D7F00AFB5}.Release|Any CPU.Build.0 = Release|Any CPU
		{0809EA1E-50D3-B866-F6D2-2AD4398DE46F}.Debug|Any CPU.ActiveCfg = Debug|Any CPU
		{0809EA1E-50D3-B866-F6D2-2AD4398DE46F}.Debug|Any CPU.Build.0 = Debug|Any CPU
		{0809EA1E-50D3-B866-F6D2-2AD4398DE46F}.Release|Any CPU.ActiveCfg = Release|Any CPU
		{0809EA1E-50D3-B866-F6D2-2AD4398DE46F}.Release|Any CPU.Build.0 = Release|Any CPU
		{36A9518D-9246-889F-B9B6-76C2C07BD7B8}.Debug|Any CPU.ActiveCfg = Debug|Any CPU
		{36A9518D-9246-889F-B9B6-76C2C07BD7B8}.Debug|Any CPU.Build.0 = Debug|Any CPU
		{36A9518D-9246-889F-B9B6-76C2C07BD7B8}.Release|Any CPU.ActiveCfg = Release|Any CPU
		{36A9518D-9246-889F-B9B6-76C2C07BD7B8}.Release|Any CPU.Build.0 = Release|Any CPU
		{D3B2B398-CD4D-FCBF-A3DB-74870914182A}.Debug|Any CPU.ActiveCfg = Debug|Any CPU
		{D3B2B398-CD4D-FCBF-A3DB-74870914182A}.Debug|Any CPU.Build.0 = Debug|Any CPU
		{D3B2B398-CD4D-FCBF-A3DB-74870914182A}.Release|Any CPU.ActiveCfg = Release|Any CPU
		{D3B2B398-CD4D-FCBF-A3DB-74870914182A}.Release|Any CPU.Build.0 = Release|Any CPU
		{872A694E-5F15-8B17-7128-AAFC80234242}.Debug|Any CPU.ActiveCfg = Debug|Any CPU
		{872A694E-5F15-8B17-7128-AAFC80234242}.Debug|Any CPU.Build.0 = Debug|Any CPU
		{872A694E-5F15-8B17-7128-AAFC80234242}.Release|Any CPU.ActiveCfg = Release|Any CPU
		{872A694E-5F15-8B17-7128-AAFC80234242}.Release|Any CPU.Build.0 = Release|Any CPU
		{93457A98-569D-AB45-2AE4-C373238DD0C3}.Debug|Any CPU.ActiveCfg = Debug|Any CPU
		{93457A98-569D-AB45-2AE4-C373238DD0C3}.Debug|Any CPU.Build.0 = Debug|Any CPU
		{93457A98-569D-AB45-2AE4-C373238DD0C3}.Release|Any CPU.ActiveCfg = Release|Any CPU
		{93457A98-569D-AB45-2AE4-C373238DD0C3}.Release|Any CPU.Build.0 = Release|Any CPU
		{9210ED56-01F3-60D2-A237-F0D7A4A4AE67}.Debug|Any CPU.ActiveCfg = Debug|Any CPU
		{9210ED56-01F3-60D2-A237-F0D7A4A4AE67}.Debug|Any CPU.Build.0 = Debug|Any CPU
		{9210ED56-01F3-60D2-A237-F0D7A4A4AE67}.Release|Any CPU.ActiveCfg = Release|Any CPU
		{9210ED56-01F3-60D2-A237-F0D7A4A4AE67}.Release|Any CPU.Build.0 = Release|Any CPU
		{4B17E9CF-4FEC-F5D8-8D08-04C9041CE66C}.Debug|Any CPU.ActiveCfg = Debug|Any CPU
		{4B17E9CF-4FEC-F5D8-8D08-04C9041CE66C}.Debug|Any CPU.Build.0 = Debug|Any CPU
		{4B17E9CF-4FEC-F5D8-8D08-04C9041CE66C}.Release|Any CPU.ActiveCfg = Release|Any CPU
		{4B17E9CF-4FEC-F5D8-8D08-04C9041CE66C}.Release|Any CPU.Build.0 = Release|Any CPU
		{CA51C259-3310-03C0-8036-0CAEFDE7851D}.Debug|Any CPU.ActiveCfg = Debug|Any CPU
		{CA51C259-3310-03C0-8036-0CAEFDE7851D}.Debug|Any CPU.Build.0 = Debug|Any CPU
		{CA51C259-3310-03C0-8036-0CAEFDE7851D}.Release|Any CPU.ActiveCfg = Release|Any CPU
		{CA51C259-3310-03C0-8036-0CAEFDE7851D}.Release|Any CPU.Build.0 = Release|Any CPU
		{F52CF85A-385F-2A11-9846-2E4B21479899}.Debug|Any CPU.ActiveCfg = Debug|Any CPU
		{F52CF85A-385F-2A11-9846-2E4B21479899}.Debug|Any CPU.Build.0 = Debug|Any CPU
		{F52CF85A-385F-2A11-9846-2E4B21479899}.Release|Any CPU.ActiveCfg = Release|Any CPU
		{F52CF85A-385F-2A11-9846-2E4B21479899}.Release|Any CPU.Build.0 = Release|Any CPU
		{CA743110-6429-BE8F-FA17-94C31DBC8CEB}.Debug|Any CPU.ActiveCfg = Debug|Any CPU
		{CA743110-6429-BE8F-FA17-94C31DBC8CEB}.Debug|Any CPU.Build.0 = Debug|Any CPU
		{CA743110-6429-BE8F-FA17-94C31DBC8CEB}.Release|Any CPU.ActiveCfg = Release|Any CPU
		{CA743110-6429-BE8F-FA17-94C31DBC8CEB}.Release|Any CPU.Build.0 = Release|Any CPU
		{0D533BB6-D239-B431-0565-E99836629347}.Debug|Any CPU.ActiveCfg = Debug|Any CPU
		{0D533BB6-D239-B431-0565-E99836629347}.Debug|Any CPU.Build.0 = Debug|Any CPU
		{0D533BB6-D239-B431-0565-E99836629347}.Release|Any CPU.ActiveCfg = Release|Any CPU
		{0D533BB6-D239-B431-0565-E99836629347}.Release|Any CPU.Build.0 = Release|Any CPU
		{16015F34-B51B-4C86-9085-2440438BDC32}.Debug|Any CPU.ActiveCfg = Debug|Any CPU
		{16015F34-B51B-4C86-9085-2440438BDC32}.Debug|Any CPU.Build.0 = Debug|Any CPU
		{16015F34-B51B-4C86-9085-2440438BDC32}.Release|Any CPU.ActiveCfg = Release|Any CPU
		{16015F34-B51B-4C86-9085-2440438BDC32}.Release|Any CPU.Build.0 = Release|Any CPU
		{6290DA3D-CB0F-C055-3A30-4FCCFEE9B82D}.Debug|Any CPU.ActiveCfg = Debug|Any CPU
		{6290DA3D-CB0F-C055-3A30-4FCCFEE9B82D}.Debug|Any CPU.Build.0 = Debug|Any CPU
		{6290DA3D-CB0F-C055-3A30-4FCCFEE9B82D}.Release|Any CPU.ActiveCfg = Release|Any CPU
		{6290DA3D-CB0F-C055-3A30-4FCCFEE9B82D}.Release|Any CPU.Build.0 = Release|Any CPU
		{5E9AE2AB-81F3-8C4D-74CD-E68332C4A940}.Debug|Any CPU.ActiveCfg = Debug|Any CPU
		{5E9AE2AB-81F3-8C4D-74CD-E68332C4A940}.Debug|Any CPU.Build.0 = Debug|Any CPU
		{5E9AE2AB-81F3-8C4D-74CD-E68332C4A940}.Release|Any CPU.ActiveCfg = Release|Any CPU
		{5E9AE2AB-81F3-8C4D-74CD-E68332C4A940}.Release|Any CPU.Build.0 = Release|Any CPU
		{7FD86B9F-EA33-6F2A-0595-9D86075AA4F9}.Debug|Any CPU.ActiveCfg = Debug|Any CPU
		{7FD86B9F-EA33-6F2A-0595-9D86075AA4F9}.Debug|Any CPU.Build.0 = Debug|Any CPU
		{7FD86B9F-EA33-6F2A-0595-9D86075AA4F9}.Release|Any CPU.ActiveCfg = Release|Any CPU
		{7FD86B9F-EA33-6F2A-0595-9D86075AA4F9}.Release|Any CPU.Build.0 = Release|Any CPU
		{523F886A-FBAA-FE8B-15B3-76EFDC141BBC}.Debug|Any CPU.ActiveCfg = Debug|Any CPU
		{523F886A-FBAA-FE8B-15B3-76EFDC141BBC}.Debug|Any CPU.Build.0 = Debug|Any CPU
		{523F886A-FBAA-FE8B-15B3-76EFDC141BBC}.Release|Any CPU.ActiveCfg = Release|Any CPU
		{523F886A-FBAA-FE8B-15B3-76EFDC141BBC}.Release|Any CPU.Build.0 = Release|Any CPU
		{D6767A7B-9D13-495A-28EA-8072CB5C601B}.Debug|Any CPU.ActiveCfg = Debug|Any CPU
		{D6767A7B-9D13-495A-28EA-8072CB5C601B}.Debug|Any CPU.Build.0 = Debug|Any CPU
		{D6767A7B-9D13-495A-28EA-8072CB5C601B}.Release|Any CPU.ActiveCfg = Release|Any CPU
		{D6767A7B-9D13-495A-28EA-8072CB5C601B}.Release|Any CPU.Build.0 = Release|Any CPU
		{E40563AD-AFEA-F566-F8EE-112E4C9541A2}.Debug|Any CPU.ActiveCfg = Debug|Any CPU
		{E40563AD-AFEA-F566-F8EE-112E4C9541A2}.Debug|Any CPU.Build.0 = Debug|Any CPU
		{E40563AD-AFEA-F566-F8EE-112E4C9541A2}.Release|Any CPU.ActiveCfg = Release|Any CPU
		{E40563AD-AFEA-F566-F8EE-112E4C9541A2}.Release|Any CPU.Build.0 = Release|Any CPU
		{AB4A209B-D472-C3FA-E2A6-C0FBAAD5B1B7}.Debug|Any CPU.ActiveCfg = Debug|Any CPU
		{AB4A209B-D472-C3FA-E2A6-C0FBAAD5B1B7}.Debug|Any CPU.Build.0 = Debug|Any CPU
		{AB4A209B-D472-C3FA-E2A6-C0FBAAD5B1B7}.Release|Any CPU.ActiveCfg = Release|Any CPU
		{AB4A209B-D472-C3FA-E2A6-C0FBAAD5B1B7}.Release|Any CPU.Build.0 = Release|Any CPU
		{FA4D576F-2752-974A-41D9-E8BC8FEC3EB8}.Debug|Any CPU.ActiveCfg = Debug|Any CPU
		{FA4D576F-2752-974A-41D9-E8BC8FEC3EB8}.Debug|Any CPU.Build.0 = Debug|Any CPU
		{FA4D576F-2752-974A-41D9-E8BC8FEC3EB8}.Release|Any CPU.ActiveCfg = Release|Any CPU
		{FA4D576F-2752-974A-41D9-E8BC8FEC3EB8}.Release|Any CPU.Build.0 = Release|Any CPU
		{E380AD8D-7A4B-DBC9-0841-1AA009ACD2AE}.Debug|Any CPU.ActiveCfg = Debug|Any CPU
		{E380AD8D-7A4B-DBC9-0841-1AA009ACD2AE}.Debug|Any CPU.Build.0 = Debug|Any CPU
		{E380AD8D-7A4B-DBC9-0841-1AA009ACD2AE}.Release|Any CPU.ActiveCfg = Release|Any CPU
		{E380AD8D-7A4B-DBC9-0841-1AA009ACD2AE}.Release|Any CPU.Build.0 = Release|Any CPU
		{2AE40EF8-C731-2723-8A65-4D0FC1724A30}.Debug|Any CPU.ActiveCfg = Debug|Any CPU
		{2AE40EF8-C731-2723-8A65-4D0FC1724A30}.Debug|Any CPU.Build.0 = Debug|Any CPU
		{2AE40EF8-C731-2723-8A65-4D0FC1724A30}.Release|Any CPU.ActiveCfg = Release|Any CPU
		{2AE40EF8-C731-2723-8A65-4D0FC1724A30}.Release|Any CPU.Build.0 = Release|Any CPU
		{EFB836A2-8E56-7A81-6100-9F89291500F0}.Debug|Any CPU.ActiveCfg = Debug|Any CPU
		{EFB836A2-8E56-7A81-6100-9F89291500F0}.Debug|Any CPU.Build.0 = Debug|Any CPU
		{EFB836A2-8E56-7A81-6100-9F89291500F0}.Release|Any CPU.ActiveCfg = Release|Any CPU
		{EFB836A2-8E56-7A81-6100-9F89291500F0}.Release|Any CPU.Build.0 = Release|Any CPU
		{784ECC93-73E0-36A6-9B1B-5CE38D9FFBA4}.Debug|Any CPU.ActiveCfg = Debug|Any CPU
		{784ECC93-73E0-36A6-9B1B-5CE38D9FFBA4}.Debug|Any CPU.Build.0 = Debug|Any CPU
		{784ECC93-73E0-36A6-9B1B-5CE38D9FFBA4}.Release|Any CPU.ActiveCfg = Release|Any CPU
		{784ECC93-73E0-36A6-9B1B-5CE38D9FFBA4}.Release|Any CPU.Build.0 = Release|Any CPU
		{913A7DF2-0390-88E0-4C17-1E8C8A5068E9}.Debug|Any CPU.ActiveCfg = Debug|Any CPU
		{913A7DF2-0390-88E0-4C17-1E8C8A5068E9}.Debug|Any CPU.Build.0 = Debug|Any CPU
		{913A7DF2-0390-88E0-4C17-1E8C8A5068E9}.Release|Any CPU.ActiveCfg = Release|Any CPU
		{913A7DF2-0390-88E0-4C17-1E8C8A5068E9}.Release|Any CPU.Build.0 = Release|Any CPU
		{31A6A9DD-2B62-CCA0-12B7-2E39E4B75BE4}.Debug|Any CPU.ActiveCfg = Debug|Any CPU
		{31A6A9DD-2B62-CCA0-12B7-2E39E4B75BE4}.Debug|Any CPU.Build.0 = Debug|Any CPU
		{31A6A9DD-2B62-CCA0-12B7-2E39E4B75BE4}.Release|Any CPU.ActiveCfg = Release|Any CPU
		{31A6A9DD-2B62-CCA0-12B7-2E39E4B75BE4}.Release|Any CPU.Build.0 = Release|Any CPU
		{D4A2017E-5B2F-48D1-7D5A-EB316F142E53}.Debug|Any CPU.ActiveCfg = Debug|Any CPU
		{D4A2017E-5B2F-48D1-7D5A-EB316F142E53}.Debug|Any CPU.Build.0 = Debug|Any CPU
		{D4A2017E-5B2F-48D1-7D5A-EB316F142E53}.Release|Any CPU.ActiveCfg = Release|Any CPU
		{D4A2017E-5B2F-48D1-7D5A-EB316F142E53}.Release|Any CPU.Build.0 = Release|Any CPU
		{9AEE58A1-05C5-576B-F8AD-71984344E22C}.Debug|Any CPU.ActiveCfg = Debug|Any CPU
		{9AEE58A1-05C5-576B-F8AD-71984344E22C}.Debug|Any CPU.Build.0 = Debug|Any CPU
		{9AEE58A1-05C5-576B-F8AD-71984344E22C}.Release|Any CPU.ActiveCfg = Release|Any CPU
		{9AEE58A1-05C5-576B-F8AD-71984344E22C}.Release|Any CPU.Build.0 = Release|Any CPU
		{FBAE5649-0E13-2F26-5222-E68A0662861F}.Debug|Any CPU.ActiveCfg = Debug|Any CPU
		{FBAE5649-0E13-2F26-5222-E68A0662861F}.Debug|Any CPU.Build.0 = Debug|Any CPU
		{FBAE5649-0E13-2F26-5222-E68A0662861F}.Release|Any CPU.ActiveCfg = Release|Any CPU
		{FBAE5649-0E13-2F26-5222-E68A0662861F}.Release|Any CPU.Build.0 = Release|Any CPU
		{FBA0744F-D860-BC3D-C088-C13F2BE3D48B}.Debug|Any CPU.ActiveCfg = Debug|Any CPU
		{FBA0744F-D860-BC3D-C088-C13F2BE3D48B}.Debug|Any CPU.Build.0 = Debug|Any CPU
		{FBA0744F-D860-BC3D-C088-C13F2BE3D48B}.Release|Any CPU.ActiveCfg = Release|Any CPU
		{FBA0744F-D860-BC3D-C088-C13F2BE3D48B}.Release|Any CPU.Build.0 = Release|Any CPU
		{3281E14C-BEC2-D4CD-A1C2-EA484AD533CD}.Debug|Any CPU.ActiveCfg = Debug|Any CPU
		{3281E14C-BEC2-D4CD-A1C2-EA484AD533CD}.Debug|Any CPU.Build.0 = Debug|Any CPU
		{3281E14C-BEC2-D4CD-A1C2-EA484AD533CD}.Release|Any CPU.ActiveCfg = Release|Any CPU
		{3281E14C-BEC2-D4CD-A1C2-EA484AD533CD}.Release|Any CPU.Build.0 = Release|Any CPU
		{7C773637-9345-67F6-0575-4542896967BB}.Debug|Any CPU.ActiveCfg = Debug|Any CPU
		{7C773637-9345-67F6-0575-4542896967BB}.Debug|Any CPU.Build.0 = Debug|Any CPU
		{7C773637-9345-67F6-0575-4542896967BB}.Release|Any CPU.ActiveCfg = Release|Any CPU
		{7C773637-9345-67F6-0575-4542896967BB}.Release|Any CPU.Build.0 = Release|Any CPU
		{371D8626-ED88-959D-8AD0-A2D978757CA5}.Debug|Any CPU.ActiveCfg = Debug|Any CPU
		{371D8626-ED88-959D-8AD0-A2D978757CA5}.Debug|Any CPU.Build.0 = Debug|Any CPU
		{371D8626-ED88-959D-8AD0-A2D978757CA5}.Release|Any CPU.ActiveCfg = Release|Any CPU
		{371D8626-ED88-959D-8AD0-A2D978757CA5}.Release|Any CPU.Build.0 = Release|Any CPU
		{A23C3848-65A0-CBE6-83F5-1F347A018516}.Debug|Any CPU.ActiveCfg = Debug|Any CPU
		{A23C3848-65A0-CBE6-83F5-1F347A018516}.Debug|Any CPU.Build.0 = Debug|Any CPU
		{A23C3848-65A0-CBE6-83F5-1F347A018516}.Release|Any CPU.ActiveCfg = Release|Any CPU
		{A23C3848-65A0-CBE6-83F5-1F347A018516}.Release|Any CPU.Build.0 = Release|Any CPU
	EndGlobalSection
	GlobalSection(SolutionProperties) = preSolution
		HideSolutionNode = FALSE
	EndGlobalSection
EndGlobal
